
Microsoft Visual Studio Solution File, Format Version 12.00
# Visual Studio 15
VisualStudioVersion = 15.0.27428.2037
MinimumVisualStudioVersion = 10.0.40219.1
Project("{8BC9CEB8-8B4A-11D0-8D11-00A0C91BC942}") = "StarterC", "StarterC\StarterC.vcxproj", "{2E658914-1B2C-4900-BDB9-C30D64B37A5B}"
EndProject
Project("{8BC9CEB8-8B4A-11D0-8D11-00A0C91BC942}") = "Reverse-3-digit-Integer", "Reverse-3-digit-Integer\Reverse-3-digit-Integer.vcxproj", "{B38A3D4A-1B6F-4445-A0A7-B50D2B61EDAB}"
EndProject
Project("{8BC9CEB8-8B4A-11D0-8D11-00A0C91BC942}") = "Lowercase2Uppercas", "Lowercase2Uppercas\Lowercase2Uppercas.vcxproj", "{90ABE9D7-4AB0-4DE1-8539-38BD3D5145AB}"
EndProject
Project("{8BC9CEB8-8B4A-11D0-8D11-00A0C91BC942}") = "Swap-Two-Integers-in-Array", "Swap-Two-Integers-in-Array\Swap-Two-Integers-in-Array.vcxproj", "{74E2CF7E-7FAD-4F6E-BE4D-07FAFF90CAC7}"
EndProject
Global
	GlobalSection(SolutionConfigurationPlatforms) = preSolution
		Debug|x64 = Debug|x64
		Debug|x86 = Debug|x86
		Release|x64 = Release|x64
		Release|x86 = Release|x86
	EndGlobalSection
	GlobalSection(ProjectConfigurationPlatforms) = postSolution
		{2E658914-1B2C-4900-BDB9-C30D64B37A5B}.Debug|x64.ActiveCfg = Debug|x64
		{2E658914-1B2C-4900-BDB9-C30D64B37A5B}.Debug|x64.Build.0 = Debug|x64
		{2E658914-1B2C-4900-BDB9-C30D64B37A5B}.Debug|x86.ActiveCfg = Debug|Win32
		{2E658914-1B2C-4900-BDB9-C30D64B37A5B}.Debug|x86.Build.0 = Debug|Win32
		{2E658914-1B2C-4900-BDB9-C30D64B37A5B}.Release|x64.ActiveCfg = Release|x64
		{2E658914-1B2C-4900-BDB9-C30D64B37A5B}.Release|x64.Build.0 = Release|x64
		{2E658914-1B2C-4900-BDB9-C30D64B37A5B}.Release|x86.ActiveCfg = Release|Win32
		{2E658914-1B2C-4900-BDB9-C30D64B37A5B}.Release|x86.Build.0 = Release|Win32
		{B38A3D4A-1B6F-4445-A0A7-B50D2B61EDAB}.Debug|x64.ActiveCfg = Debug|x64
		{B38A3D4A-1B6F-4445-A0A7-B50D2B61EDAB}.Debug|x64.Build.0 = Debug|x64
		{B38A3D4A-1B6F-4445-A0A7-B50D2B61EDAB}.Debug|x86.ActiveCfg = Debug|Win32
		{B38A3D4A-1B6F-4445-A0A7-B50D2B61EDAB}.Debug|x86.Build.0 = Debug|Win32
		{B38A3D4A-1B6F-4445-A0A7-B50D2B61EDAB}.Release|x64.ActiveCfg = Release|x64
		{B38A3D4A-1B6F-4445-A0A7-B50D2B61EDAB}.Release|x64.Build.0 = Release|x64
		{B38A3D4A-1B6F-4445-A0A7-B50D2B61EDAB}.Release|x86.ActiveCfg = Release|Win32
		{B38A3D4A-1B6F-4445-A0A7-B50D2B61EDAB}.Release|x86.Build.0 = Release|Win32
		{90ABE9D7-4AB0-4DE1-8539-38BD3D5145AB}.Debug|x64.ActiveCfg = Debug|x64
		{90ABE9D7-4AB0-4DE1-8539-38BD3D5145AB}.Debug|x64.Build.0 = Debug|x64
		{90ABE9D7-4AB0-4DE1-8539-38BD3D5145AB}.Debug|x86.ActiveCfg = Debug|Win32
		{90ABE9D7-4AB0-4DE1-8539-38BD3D5145AB}.Debug|x86.Build.0 = Debug|Win32
		{90ABE9D7-4AB0-4DE1-8539-38BD3D5145AB}.Release|x64.ActiveCfg = Release|x64
		{90ABE9D7-4AB0-4DE1-8539-38BD3D5145AB}.Release|x64.Build.0 = Release|x64
		{90ABE9D7-4AB0-4DE1-8539-38BD3D5145AB}.Release|x86.ActiveCfg = Release|Win32
		{90ABE9D7-4AB0-4DE1-8539-38BD3D5145AB}.Release|x86.Build.0 = Release|Win32
		{74E2CF7E-7FAD-4F6E-BE4D-07FAFF90CAC7}.Debug|x64.ActiveCfg = Debug|x64
		{74E2CF7E-7FAD-4F6E-BE4D-07FAFF90CAC7}.Debug|x64.Build.0 = Debug|x64
		{74E2CF7E-7FAD-4F6E-BE4D-07FAFF90CAC7}.Debug|x86.ActiveCfg = Debug|Win32
		{74E2CF7E-7FAD-4F6E-BE4D-07FAFF90CAC7}.Debug|x86.Build.0 = Debug|Win32
		{74E2CF7E-7FAD-4F6E-BE4D-07FAFF90CAC7}.Release|x64.ActiveCfg = Release|x64
		{74E2CF7E-7FAD-4F6E-BE4D-07FAFF90CAC7}.Release|x64.Build.0 = Release|x64
		{74E2CF7E-7FAD-4F6E-BE4D-07FAFF90CAC7}.Release|x86.ActiveCfg = Release|Win32
		{74E2CF7E-7FAD-4F6E-BE4D-07FAFF90CAC7}.Release|x86.Build.0 = Release|Win32
	EndGlobalSection
	GlobalSection(SolutionProperties) = preSolution
		HideSolutionNode = FALSE
	EndGlobalSection
	GlobalSection(ExtensibilityGlobals) = postSolution
		SolutionGuid = {326E72C6-2274-4D8D-9F3D-9B2025CE81EC}
	EndGlobalSection
EndGlobal
